
Microsoft Visual Studio Solution File, Format Version 12.00
Project("{FAE04EC0-301F-11D3-BF4B-00C04F79EFBC}") = "Soma.Api", "Soma.Api\Soma.Api.csproj", "{118A727B-5826-4A17-A67B-58AC2689497C}"
EndProject
Global
	GlobalSection(SolutionConfigurationPlatforms) = preSolution
		Debug|Any CPU = Debug|Any CPU
		Release|Any CPU = Release|Any CPU
	EndGlobalSection
	GlobalSection(ProjectConfigurationPlatforms) = postSolution
		{118A727B-5826-4A17-A67B-58AC2689497C}.Debug|Any CPU.ActiveCfg = Debug|Any CPU
		{118A727B-5826-4A17-A67B-58AC2689497C}.Debug|Any CPU.Build.0 = Debug|Any CPU
		{118A727B-5826-4A17-A67B-58AC2689497C}.Release|Any CPU.ActiveCfg = Release|Any CPU
		{118A727B-5826-4A17-A67B-58AC2689497C}.Release|Any CPU.Build.0 = Release|Any CPU
	EndGlobalSection
EndGlobal
